// !$*UTF8*$!
{
	archiveVersion = 1;
	classes = {
	};
	objectVersion = 56;
	objects = {

/* Begin PBXBuildFile section */
		AD3EB30C2A31B19F00D2A24F /* AppDelegate.swift in Sources */ = {isa = PBXBuildFile; fileRef = AD3EB30B2A31B19F00D2A24F /* AppDelegate.swift */; };
		AD3EB30E2A31B19F00D2A24F /* SceneDelegate.swift in Sources */ = {isa = PBXBuildFile; fileRef = AD3EB30D2A31B19F00D2A24F /* SceneDelegate.swift */; };
		AD3EB3102A31B19F00D2A24F /* ViewController.swift in Sources */ = {isa = PBXBuildFile; fileRef = AD3EB30F2A31B19F00D2A24F /* ViewController.swift */; };
		AD3EB3132A31B19F00D2A24F /* Main.storyboard in Resources */ = {isa = PBXBuildFile; fileRef = AD3EB3112A31B19F00D2A24F /* Main.storyboard */; };
		AD3EB3152A31B1A100D2A24F /* Assets.xcassets in Resources */ = {isa = PBXBuildFile; fileRef = AD3EB3142A31B1A100D2A24F /* Assets.xcassets */; };
		AD3EB3182A31B1A100D2A24F /* LaunchScreen.storyboard in Resources */ = {isa = PBXBuildFile; fileRef = AD3EB3162A31B1A100D2A24F /* LaunchScreen.storyboard */; };
		CB3A26B22A31B66000A92405 /* Item.swift in Sources */ = {isa = PBXBuildFile; fileRef = CB3A26B12A31B66000A92405 /* Item.swift */; };
/* End PBXBuildFile section */

/* Begin PBXFileReference section */
		AD3EB3082A31B19F00D2A24F /* iosAlphaEcommerce.app */ = {isa = PBXFileReference; explicitFileType = wrapper.application; includeInIndex = 0; path = iosAlphaEcommerce.app; sourceTree = BUILT_PRODUCTS_DIR; };
		AD3EB30B2A31B19F00D2A24F /* AppDelegate.swift */ = {isa = PBXFileReference; lastKnownFileType = sourcecode.swift; path = AppDelegate.swift; sourceTree = "<group>"; };
		AD3EB30D2A31B19F00D2A24F /* SceneDelegate.swift */ = {isa = PBXFileReference; lastKnownFileType = sourcecode.swift; path = SceneDelegate.swift; sourceTree = "<group>"; };
		AD3EB30F2A31B19F00D2A24F /* ViewController.swift */ = {isa = PBXFileReference; lastKnownFileType = sourcecode.swift; path = ViewController.swift; sourceTree = "<group>"; };
		AD3EB3122A31B19F00D2A24F /* Base */ = {isa = PBXFileReference; lastKnownFileType = file.storyboard; name = Base; path = Base.lproj/Main.storyboard; sourceTree = "<group>"; };
		AD3EB3142A31B1A100D2A24F /* Assets.xcassets */ = {isa = PBXFileReference; lastKnownFileType = folder.assetcatalog; path = Assets.xcassets; sourceTree = "<group>"; };
		AD3EB3172A31B1A100D2A24F /* Base */ = {isa = PBXFileReference; lastKnownFileType = file.storyboard; name = Base; path = Base.lproj/LaunchScreen.storyboard; sourceTree = "<group>"; };
		AD3EB3192A31B1A100D2A24F /* Info.plist */ = {isa = PBXFileReference; lastKnownFileType = text.plist.xml; path = Info.plist; sourceTree = "<group>"; };
		CB3A26B12A31B66000A92405 /* Item.swift */ = {isa = PBXFileReference; lastKnownFileType = sourcecode.swift; path = Item.swift; sourceTree = "<group>"; };
/* End PBXFileReference section */

/* Begin PBXFrameworksBuildPhase section */
		AD3EB3052A31B19F00D2A24F /* Frameworks */ = {
			isa = PBXFrameworksBuildPhase;
			buildActionMask = 2147483647;
			files = (
			);
			runOnlyForDeploymentPostprocessing = 0;
		};
/* End PBXFrameworksBuildPhase section */

/* Begin PBXGroup section */
		AD3EB2FF2A31B19F00D2A24F = {
			isa = PBXGroup;
			children = (
				AD3EB30A2A31B19F00D2A24F /* iosAlphaEcommerce */,
				AD3EB3092A31B19F00D2A24F /* Products */,
			);
			sourceTree = "<group>";
		};
		AD3EB3092A31B19F00D2A24F /* Products */ = {
			isa = PBXGroup;
			children = (
				AD3EB3082A31B19F00D2A24F /* iosAlphaEcommerce.app */,
			);
			name = Products;
			sourceTree = "<group>";
		};
		AD3EB30A2A31B19F00D2A24F /* iosAlphaEcommerce */ = {
			isa = PBXGroup;
			children = (
				CB3A26B02A31B64700A92405 /* Model */,
				AD3EB30B2A31B19F00D2A24F /* AppDelegate.swift */,
				AD3EB30D2A31B19F00D2A24F /* SceneDelegate.swift */,
				AD3EB30F2A31B19F00D2A24F /* ViewController.swift */,
				AD3EB3112A31B19F00D2A24F /* Main.storyboard */,
				AD3EB3142A31B1A100D2A24F /* Assets.xcassets */,
				AD3EB3162A31B1A100D2A24F /* LaunchScreen.storyboard */,
				AD3EB3192A31B1A100D2A24F /* Info.plist */,
			);
			path = iosAlphaEcommerce;
			sourceTree = "<group>";
		};
		CB3A26B02A31B64700A92405 /* Model */ = {
			isa = PBXGroup;
			children = (
				CB3A26B12A31B66000A92405 /* Item.swift */,
			);
			path = Model;
			sourceTree = "<group>";
		};
/* End PBXGroup section */

/* Begin PBXNativeTarget section */
		AD3EB3072A31B19F00D2A24F /* iosAlphaEcommerce */ = {
			isa = PBXNativeTarget;
			buildConfigurationList = AD3EB31C2A31B1A100D2A24F /* Build configuration list for PBXNativeTarget "iosAlphaEcommerce" */;
			buildPhases = (
				AD3EB3042A31B19F00D2A24F /* Sources */,
				AD3EB3052A31B19F00D2A24F /* Frameworks */,
				AD3EB3062A31B19F00D2A24F /* Resources */,
			);
			buildRules = (
			);
			dependencies = (
			);
			name = iosAlphaEcommerce;
			productName = iosAlphaEcommerce;
			productReference = AD3EB3082A31B19F00D2A24F /* iosAlphaEcommerce.app */;
			productType = "com.apple.product-type.application";
		};
/* End PBXNativeTarget section */

/* Begin PBXProject section */
		AD3EB3002A31B19F00D2A24F /* Project object */ = {
			isa = PBXProject;
			attributes = {
				BuildIndependentTargetsInParallel = 1;
				LastSwiftUpdateCheck = 1430;
				LastUpgradeCheck = 1430;
				TargetAttributes = {
					AD3EB3072A31B19F00D2A24F = {
						CreatedOnToolsVersion = 14.3;
					};
				};
			};
			buildConfigurationList = AD3EB3032A31B19F00D2A24F /* Build configuration list for PBXProject "iosAlphaEcommerce" */;
			compatibilityVersion = "Xcode 14.0";
			developmentRegion = en;
			hasScannedForEncodings = 0;
			knownRegions = (
				en,
				Base,
			);
			mainGroup = AD3EB2FF2A31B19F00D2A24F;
			productRefGroup = AD3EB3092A31B19F00D2A24F /* Products */;
			projectDirPath = "";
			projectRoot = "";
			targets = (
				AD3EB3072A31B19F00D2A24F /* iosAlphaEcommerce */,
			);
		};
/* End PBXProject section */

/* Begin PBXResourcesBuildPhase section */
		AD3EB3062A31B19F00D2A24F /* Resources */ = {
			isa = PBXResourcesBuildPhase;
			buildActionMask = 2147483647;
			files = (
				AD3EB3182A31B1A100D2A24F /* LaunchScreen.storyboard in Resources */,
				AD3EB3152A31B1A100D2A24F /* Assets.xcassets in Resources */,
				AD3EB3132A31B19F00D2A24F /* Main.storyboard in Resources */,
			);
			runOnlyForDeploymentPostprocessing = 0;
		};
/* End PBXResourcesBuildPhase section */

/* Begin PBXSourcesBuildPhase section */
		AD3EB3042A31B19F00D2A24F /* Sources */ = {
			isa = PBXSourcesBuildPhase;
			buildActionMask = 2147483647;
			files = (
				CB3A26B22A31B66000A92405 /* Item.swift in Sources */,
				AD3EB3102A31B19F00D2A24F /* ViewController.swift in Sources */,
				AD3EB30C2A31B19F00D2A24F /* AppDelegate.swift in Sources */,
				AD3EB30E2A31B19F00D2A24F /* SceneDelegate.swift in Sources */,
			);
			runOnlyForDeploymentPostprocessing = 0;
		};
/* End PBXSourcesBuildPhase section */

/* Begin PBXVariantGroup section */
		AD3EB3112A31B19F00D2A24F /* Main.storyboard */ = {
			isa = PBXVariantGroup;
			children = (
				AD3EB3122A31B19F00D2A24F /* Base */,
			);
			name = Main.storyboard;
			sourceTree = "<group>";
		};
		AD3EB3162A31B1A100D2A24F /* LaunchScreen.storyboard */ = {
			isa = PBXVariantGroup;
			children = (
				AD3EB3172A31B1A100D2A24F /* Base */,
			);
			name = LaunchScreen.storyboard;
			sourceTree = "<group>";
		};
/* End PBXVariantGroup section */

/* Begin XCBuildConfiguration section */
		AD3EB31A2A31B1A100D2A24F /* Debug */ = {
			isa = XCBuildConfiguration;
			buildSettings = {
				ALWAYS_SEARCH_USER_PATHS = NO;
				CLANG_ANALYZER_NONNULL = YES;
				CLANG_ANALYZER_NUMBER_OBJECT_CONVERSION = YES_AGGRESSIVE;
				CLANG_CXX_LANGUAGE_STANDARD = "gnu++20";
				CLANG_ENABLE_MODULES = YES;
				CLANG_ENABLE_OBJC_ARC = YES;
				CLANG_ENABLE_OBJC_WEAK = YES;
				CLANG_WARN_BLOCK_CAPTURE_AUTORELEASING = YES;
				CLANG_WARN_BOOL_CONVERSION = YES;
				CLANG_WARN_COMMA = YES;
				CLANG_WARN_CONSTANT_CONVERSION = YES;
				CLANG_WARN_DEPRECATED_OBJC_IMPLEMENTATIONS = YES;
				CLANG_WARN_DIRECT_OBJC_ISA_USAGE = YES_ERROR;
				CLANG_WARN_DOCUMENTATION_COMMENTS = YES;
				CLANG_WARN_EMPTY_BODY = YES;
				CLANG_WARN_ENUM_CONVERSION = YES;
				CLANG_WARN_INFINITE_RECURSION = YES;
				CLANG_WARN_INT_CONVERSION = YES;
				CLANG_WARN_NON_LITERAL_NULL_CONVERSION = YES;
				CLANG_WARN_OBJC_IMPLICIT_RETAIN_SELF = YES;
				CLANG_WARN_OBJC_LITERAL_CONVERSION = YES;
				CLANG_WARN_OBJC_ROOT_CLASS = YES_ERROR;
				CLANG_WARN_QUOTED_INCLUDE_IN_FRAMEWORK_HEADER = YES;
				CLANG_WARN_RANGE_LOOP_ANALYSIS = YES;
				CLANG_WARN_STRICT_PROTOTYPES = YES;
				CLANG_WARN_SUSPICIOUS_MOVE = YES;
				CLANG_WARN_UNGUARDED_AVAILABILITY = YES_AGGRESSIVE;
				CLANG_WARN_UNREACHABLE_CODE = YES;
				CLANG_WARN__DUPLICATE_METHOD_MATCH = YES;
				COPY_PHASE_STRIP = NO;
				DEBUG_INFORMATION_FORMAT = dwarf;
				ENABLE_STRICT_OBJC_MSGSEND = YES;
				ENABLE_TESTABILITY = YES;
				GCC_C_LANGUAGE_STANDARD = gnu11;
				GCC_DYNAMIC_NO_PIC = NO;
				GCC_NO_COMMON_BLOCKS = YES;
				GCC_OPTIMIZATION_LEVEL = 0;
				GCC_PREPROCESSOR_DEFINITIONS = (
					"DEBUG=1",
					"$(inherited)",
				);
				GCC_WARN_64_TO_32_BIT_CONVERSION = YES;
				GCC_WARN_ABOUT_RETURN_TYPE = YES_ERROR;
				GCC_WARN_UNDECLARED_SELECTOR = YES;
				GCC_WARN_UNINITIALIZED_AUTOS = YES_AGGRESSIVE;
				GCC_WARN_UNUSED_FUNCTION = YES;
				GCC_WARN_UNUSED_VARIABLE = YES;
				IPHONEOS_DEPLOYMENT_TARGET = 16.4;
				MTL_ENABLE_DEBUG_INFO = INCLUDE_SOURCE;
				MTL_FAST_MATH = YES;
				ONLY_ACTIVE_ARCH = YES;
				SDKROOT = iphoneos;
				SWIFT_ACTIVE_COMPILATION_CONDITIONS = DEBUG;
				SWIFT_OPTIMIZATION_LEVEL = "-Onone";
			};
			name = Debug;
		};
		AD3EB31B2A31B1A100D2A24F /* Release */ = {
			isa = XCBuildConfiguration;
			buildSettings = {
				ALWAYS_SEARCH_USER_PATHS = NO;
				CLANG_ANALYZER_NONNULL = YES;
				CLANG_ANALYZER_NUMBER_OBJECT_CONVERSION = YES_AGGRESSIVE;
				CLANG_CXX_LANGUAGE_STANDARD = "gnu++20";
				CLANG_ENABLE_MODULES = YES;
				CLANG_ENABLE_OBJC_ARC = YES;
				CLANG_ENABLE_OBJC_WEAK = YES;
				CLANG_WARN_BLOCK_CAPTURE_AUTORELEASING = YES;
				CLANG_WARN_BOOL_CONVERSION = YES;
				CLANG_WARN_COMMA = YES;
				CLANG_WARN_CONSTANT_CONVERSION = YES;
				CLANG_WARN_DEPRECATED_OBJC_IMPLEMENTATIONS = YES;
				CLANG_WARN_DIRECT_OBJC_ISA_USAGE = YES_ERROR;
				CLANG_WARN_DOCUMENTATION_COMMENTS = YES;
				CLANG_WARN_EMPTY_BODY = YES;
				CLANG_WARN_ENUM_CONVERSION = YES;
				CLANG_WARN_INFINITE_RECURSION = YES;
				CLANG_WARN_INT_CONVERSION = YES;
				CLANG_WARN_NON_LITERAL_NULL_CONVERSION = YES;
				CLANG_WARN_OBJC_IMPLICIT_RETAIN_SELF = YES;
				CLANG_WARN_OBJC_LITERAL_CONVERSION = YES;
				CLANG_WARN_OBJC_ROOT_CLASS = YES_ERROR;
				CLANG_WARN_QUOTED_INCLUDE_IN_FRAMEWORK_HEADER = YES;
				CLANG_WARN_RANGE_LOOP_ANALYSIS = YES;
				CLANG_WARN_STRICT_PROTOTYPES = YES;
				CLANG_WARN_SUSPICIOUS_MOVE = YES;
				CLANG_WARN_UNGUARDED_AVAILABILITY = YES_AGGRESSIVE;
				CLANG_WARN_UNREACHABLE_CODE = YES;
				CLANG_WARN__DUPLICATE_METHOD_MATCH = YES;
				COPY_PHASE_STRIP = NO;
				DEBUG_INFORMATION_FORMAT = "dwarf-with-dsym";
				ENABLE_NS_ASSERTIONS = NO;
				ENABLE_STRICT_OBJC_MSGSEND = YES;
				GCC_C_LANGUAGE_STANDARD = gnu11;
				GCC_NO_COMMON_BLOCKS = YES;
				GCC_WARN_64_TO_32_BIT_CONVERSION = YES;
				GCC_WARN_ABOUT_RETURN_TYPE = YES_ERROR;
				GCC_WARN_UNDECLARED_SELECTOR = YES;
				GCC_WARN_UNINITIALIZED_AUTOS = YES_AGGRESSIVE;
				GCC_WARN_UNUSED_FUNCTION = YES;
				GCC_WARN_UNUSED_VARIABLE = YES;
				IPHONEOS_DEPLOYMENT_TARGET = 16.4;
				MTL_ENABLE_DEBUG_INFO = NO;
				MTL_FAST_MATH = YES;
				SDKROOT = iphoneos;
				SWIFT_COMPILATION_MODE = wholemodule;
				SWIFT_OPTIMIZATION_LEVEL = "-O";
				VALIDATE_PRODUCT = YES;
			};
			name = Release;
		};
		AD3EB31D2A31B1A100D2A24F /* Debug */ = {
			isa = XCBuildConfiguration;
			buildSettings = {
				ASSETCATALOG_COMPILER_APPICON_NAME = AppIcon;
				ASSETCATALOG_COMPILER_GLOBAL_ACCENT_COLOR_NAME = AccentColor;
				CODE_SIGN_STYLE = Automatic;
				CURRENT_PROJECT_VERSION = 1;
				GENERATE_INFOPLIST_FILE = YES;
				INFOPLIST_FILE = iosAlphaEcommerce/Info.plist;
				INFOPLIST_KEY_UIApplicationSupportsIndirectInputEvents = YES;
				INFOPLIST_KEY_UILaunchStoryboardName = LaunchScreen;
				INFOPLIST_KEY_UIMainStoryboardFile = Main;
				INFOPLIST_KEY_UISupportedInterfaceOrientations_iPad = "UIInterfaceOrientationPortrait UIInterfaceOrientationPortraitUpsideDown UIInterfaceOrientationLandscapeLeft UIInterfaceOrientationLandscapeRight";
				INFOPLIST_KEY_UISupportedInterfaceOrientations_iPhone = "UIInterfaceOrientationPortrait UIInterfaceOrientationLandscapeLeft UIInterfaceOrientationLandscapeRight";
				LD_RUNPATH_SEARCH_PATHS = (
					"$(inherited)",
					"@executable_path/Frameworks",
				);
				MARKETING_VERSION = 1.0;
				PRODUCT_BUNDLE_IDENTIFIER = za.co.DA.iosAlphaEcommerce;
				PRODUCT_NAME = "$(TARGET_NAME)";
				SWIFT_EMIT_LOC_STRINGS = YES;
				SWIFT_VERSION = 5.0;
				TARGETED_DEVICE_FAMILY = "1,2";
			};
			name = Debug;
		};
		AD3EB31E2A31B1A100D2A24F /* Release */ = {
			isa = XCBuildConfiguration;
			buildSettings = {
				ASSETCATALOG_COMPILER_APPICON_NAME = AppIcon;
				ASSETCATALOG_COMPILER_GLOBAL_ACCENT_COLOR_NAME = AccentColor;
				CODE_SIGN_STYLE = Automatic;
				CURRENT_PROJECT_VERSION = 1;
				GENERATE_INFOPLIST_FILE = YES;
				INFOPLIST_FILE = iosAlphaEcommerce/Info.plist;
				INFOPLIST_KEY_UIApplicationSupportsIndirectInputEvents = YES;
				INFOPLIST_KEY_UILaunchStoryboardName = LaunchScreen;
				INFOPLIST_KEY_UIMainStoryboardFile = Main;
				INFOPLIST_KEY_UISupportedInterfaceOrientations_iPad = "UIInterfaceOrientationPortrait UIInterfaceOrientationPortraitUpsideDown UIInterfaceOrientationLandscapeLeft UIInterfaceOrientationLandscapeRight";
				INFOPLIST_KEY_UISupportedInterfaceOrientations_iPhone = "UIInterfaceOrientationPortrait UIInterfaceOrientationLandscapeLeft UIInterfaceOrientationLandscapeRight";
				LD_RUNPATH_SEARCH_PATHS = (
					"$(inherited)",
					"@executable_path/Frameworks",
				);
				MARKETING_VERSION = 1.0;
				PRODUCT_BUNDLE_IDENTIFIER = za.co.DA.iosAlphaEcommerce;
				PRODUCT_NAME = "$(TARGET_NAME)";
				SWIFT_EMIT_LOC_STRINGS = YES;
				SWIFT_VERSION = 5.0;
				TARGETED_DEVICE_FAMILY = "1,2";
			};
			name = Release;
		};
/* End XCBuildConfiguration section */

/* Begin XCConfigurationList section */
		AD3EB3032A31B19F00D2A24F /* Build configuration list for PBXProject "iosAlphaEcommerce" */ = {
			isa = XCConfigurationList;
			buildConfigurations = (
				AD3EB31A2A31B1A100D2A24F /* Debug */,
				AD3EB31B2A31B1A100D2A24F /* Release */,
			);
			defaultConfigurationIsVisible = 0;
			defaultConfigurationName = Release;
		};
		AD3EB31C2A31B1A100D2A24F /* Build configuration list for PBXNativeTarget "iosAlphaEcommerce" */ = {
			isa = XCConfigurationList;
			buildConfigurations = (
				AD3EB31D2A31B1A100D2A24F /* Debug */,
				AD3EB31E2A31B1A100D2A24F /* Release */,
			);
			defaultConfigurationIsVisible = 0;
			defaultConfigurationName = Release;
		};
/* End XCConfigurationList section */
	};
	rootObject = AD3EB3002A31B19F00D2A24F /* Project object */;
}
